
Microsoft Visual Studio Solution File, Format Version 12.00
# Visual Studio Version 17
VisualStudioVersion = 17.3.32929.385
MinimumVisualStudioVersion = 10.0.40219.1
Project("{FAE04EC0-301F-11D3-BF4B-00C04F79EFBC}") = "MiPrimerAppWindows", "MiPrimerAppWindows\MiPrimerAppWindows.csproj", "{E8913EBA-F152-4884-9443-3141AFDA06E8}"
EndProject
Global
	GlobalSection(SolutionConfigurationPlatforms) = preSolution
		Debug|Any CPU = Debug|Any CPU
		Release|Any CPU = Release|Any CPU
	EndGlobalSection
	GlobalSection(ProjectConfigurationPlatforms) = postSolution
		{E8913EBA-F152-4884-9443-3141AFDA06E8}.Debug|Any CPU.ActiveCfg = Debug|Any CPU
		{E8913EBA-F152-4884-9443-3141AFDA06E8}.Debug|Any CPU.Build.0 = Debug|Any CPU
		{E8913EBA-F152-4884-9443-3141AFDA06E8}.Release|Any CPU.ActiveCfg = Release|Any CPU
		{E8913EBA-F152-4884-9443-3141AFDA06E8}.Release|Any CPU.Build.0 = Release|Any CPU
	EndGlobalSection
	GlobalSection(SolutionProperties) = preSolution
		HideSolutionNode = FALSE
	EndGlobalSection
	GlobalSection(ExtensibilityGlobals) = postSolution
		SolutionGuid = {E6A0EB85-3A20-4834-90EB-D1A4E739D873}
	EndGlobalSection
EndGlobal
